
Microsoft Visual Studio Solution File, Format Version 12.00
# Visual Studio Version 17
VisualStudioVersion = 17.9.34902.65
MinimumVisualStudioVersion = 10.0.40219.1
Project("{8BC9CEB8-8B4A-11D0-8D11-00A0C91BC942}") = "RayTracer", "RayTracer\RayTracer.vcxproj", "{274DD874-650C-4620-A393-352CABF2A05C}"
EndProject
Project("{8BC9CEB8-8B4A-11D0-8D11-00A0C91BC942}") = "SphereRayTracer", "SphereRayTracer\SphereRayTracer.vcxproj", "{9FAC7004-3CA9-4ECD-92AA-EDF97D9B23E9}"
EndProject
Project("{8BC9CEB8-8B4A-11D0-8D11-00A0C91BC942}") = "TriangleTracer", "TriangleTracer\TriangleTracer.vcxproj", "{2C987000-E4E9-4800-AEEA-E993A2E07231}"
EndProject
Project("{8BC9CEB8-8B4A-11D0-8D11-00A0C91BC942}") = "Model", "Model\Model.vcxproj", "{DD4F1F8C-6EF6-488C-A0A5-DEF7D470C686}"
EndProject
Project("{8BC9CEB8-8B4A-11D0-8D11-00A0C91BC942}") = "ModelTracer", "ModelTracer\ModelTracer.vcxproj", "{9E3DDE0F-1C42-4DF8-AD95-192E9126319C}"
EndProject
Project("{8BC9CEB8-8B4A-11D0-8D11-00A0C91BC942}") = "stb_image", "stb_image\stb_image.vcxproj", "{ED8A4E9D-4150-4229-A80B-A6AC74AEA18D}"
EndProject
Project("{8BC9CEB8-8B4A-11D0-8D11-00A0C91BC942}") = "Primitives", "Primitives\Primitives.vcxproj", "{853EF931-7223-4426-A44D-9E6B0550014C}"
EndProject
Global
	GlobalSection(SolutionConfigurationPlatforms) = preSolution
		Debug|x64 = Debug|x64
		Debug|x86 = Debug|x86
		Release|x64 = Release|x64
		Release|x86 = Release|x86
	EndGlobalSection
	GlobalSection(ProjectConfigurationPlatforms) = postSolution
		{274DD874-650C-4620-A393-352CABF2A05C}.Debug|x64.ActiveCfg = Debug|x64
		{274DD874-650C-4620-A393-352CABF2A05C}.Debug|x64.Build.0 = Debug|x64
		{274DD874-650C-4620-A393-352CABF2A05C}.Debug|x86.ActiveCfg = Debug|Win32
		{274DD874-650C-4620-A393-352CABF2A05C}.Debug|x86.Build.0 = Debug|Win32
		{274DD874-650C-4620-A393-352CABF2A05C}.Release|x64.ActiveCfg = Release|x64
		{274DD874-650C-4620-A393-352CABF2A05C}.Release|x64.Build.0 = Release|x64
		{274DD874-650C-4620-A393-352CABF2A05C}.Release|x86.ActiveCfg = Release|Win32
		{274DD874-650C-4620-A393-352CABF2A05C}.Release|x86.Build.0 = Release|Win32
		{9FAC7004-3CA9-4ECD-92AA-EDF97D9B23E9}.Debug|x64.ActiveCfg = Debug|x64
		{9FAC7004-3CA9-4ECD-92AA-EDF97D9B23E9}.Debug|x64.Build.0 = Debug|x64
		{9FAC7004-3CA9-4ECD-92AA-EDF97D9B23E9}.Debug|x86.ActiveCfg = Debug|Win32
		{9FAC7004-3CA9-4ECD-92AA-EDF97D9B23E9}.Debug|x86.Build.0 = Debug|Win32
		{9FAC7004-3CA9-4ECD-92AA-EDF97D9B23E9}.Release|x64.ActiveCfg = Release|x64
		{9FAC7004-3CA9-4ECD-92AA-EDF97D9B23E9}.Release|x64.Build.0 = Release|x64
		{9FAC7004-3CA9-4ECD-92AA-EDF97D9B23E9}.Release|x86.ActiveCfg = Release|Win32
		{9FAC7004-3CA9-4ECD-92AA-EDF97D9B23E9}.Release|x86.Build.0 = Release|Win32
		{2C987000-E4E9-4800-AEEA-E993A2E07231}.Debug|x64.ActiveCfg = Debug|x64
		{2C987000-E4E9-4800-AEEA-E993A2E07231}.Debug|x64.Build.0 = Debug|x64
		{2C987000-E4E9-4800-AEEA-E993A2E07231}.Debug|x86.ActiveCfg = Debug|Win32
		{2C987000-E4E9-4800-AEEA-E993A2E07231}.Debug|x86.Build.0 = Debug|Win32
		{2C987000-E4E9-4800-AEEA-E993A2E07231}.Release|x64.ActiveCfg = Release|x64
		{2C987000-E4E9-4800-AEEA-E993A2E07231}.Release|x64.Build.0 = Release|x64
		{2C987000-E4E9-4800-AEEA-E993A2E07231}.Release|x86.ActiveCfg = Release|Win32
		{2C987000-E4E9-4800-AEEA-E993A2E07231}.Release|x86.Build.0 = Release|Win32
		{DD4F1F8C-6EF6-488C-A0A5-DEF7D470C686}.Debug|x64.ActiveCfg = Debug|x64
		{DD4F1F8C-6EF6-488C-A0A5-DEF7D470C686}.Debug|x64.Build.0 = Debug|x64
		{DD4F1F8C-6EF6-488C-A0A5-DEF7D470C686}.Debug|x86.ActiveCfg = Debug|Win32
		{DD4F1F8C-6EF6-488C-A0A5-DEF7D470C686}.Debug|x86.Build.0 = Debug|Win32
		{DD4F1F8C-6EF6-488C-A0A5-DEF7D470C686}.Release|x64.ActiveCfg = Release|x64
		{DD4F1F8C-6EF6-488C-A0A5-DEF7D470C686}.Release|x64.Build.0 = Release|x64
		{DD4F1F8C-6EF6-488C-A0A5-DEF7D470C686}.Release|x86.ActiveCfg = Release|Win32
		{DD4F1F8C-6EF6-488C-A0A5-DEF7D470C686}.Release|x86.Build.0 = Release|Win32
		{9E3DDE0F-1C42-4DF8-AD95-192E9126319C}.Debug|x64.ActiveCfg = Debug|x64
		{9E3DDE0F-1C42-4DF8-AD95-192E9126319C}.Debug|x64.Build.0 = Debug|x64
		{9E3DDE0F-1C42-4DF8-AD95-192E9126319C}.Debug|x86.ActiveCfg = Debug|Win32
		{9E3DDE0F-1C42-4DF8-AD95-192E9126319C}.Debug|x86.Build.0 = Debug|Win32
		{9E3DDE0F-1C42-4DF8-AD95-192E9126319C}.Release|x64.ActiveCfg = Release|x64
		{9E3DDE0F-1C42-4DF8-AD95-192E9126319C}.Release|x64.Build.0 = Release|x64
		{9E3DDE0F-1C42-4DF8-AD95-192E9126319C}.Release|x86.ActiveCfg = Release|Win32
		{9E3DDE0F-1C42-4DF8-AD95-192E9126319C}.Release|x86.Build.0 = Release|Win32
		{ED8A4E9D-4150-4229-A80B-A6AC74AEA18D}.Debug|x64.ActiveCfg = Debug|x64
		{ED8A4E9D-4150-4229-A80B-A6AC74AEA18D}.Debug|x64.Build.0 = Debug|x64
		{ED8A4E9D-4150-4229-A80B-A6AC74AEA18D}.Debug|x86.ActiveCfg = Debug|Win32
		{ED8A4E9D-4150-4229-A80B-A6AC74AEA18D}.Debug|x86.Build.0 = Debug|Win32
		{ED8A4E9D-4150-4229-A80B-A6AC74AEA18D}.Release|x64.ActiveCfg = Release|x64
		{ED8A4E9D-4150-4229-A80B-A6AC74AEA18D}.Release|x64.Build.0 = Release|x64
		{ED8A4E9D-4150-4229-A80B-A6AC74AEA18D}.Release|x86.ActiveCfg = Release|Win32
		{ED8A4E9D-4150-4229-A80B-A6AC74AEA18D}.Release|x86.Build.0 = Release|Win32
		{853EF931-7223-4426-A44D-9E6B0550014C}.Debug|x64.ActiveCfg = Debug|x64
		{853EF931-7223-4426-A44D-9E6B0550014C}.Debug|x64.Build.0 = Debug|x64
		{853EF931-7223-4426-A44D-9E6B0550014C}.Debug|x86.ActiveCfg = Debug|Win32
		{853EF931-7223-4426-A44D-9E6B0550014C}.Debug|x86.Build.0 = Debug|Win32
		{853EF931-7223-4426-A44D-9E6B0550014C}.Release|x64.ActiveCfg = Release|x64
		{853EF931-7223-4426-A44D-9E6B0550014C}.Release|x64.Build.0 = Release|x64
		{853EF931-7223-4426-A44D-9E6B0550014C}.Release|x86.ActiveCfg = Release|Win32
		{853EF931-7223-4426-A44D-9E6B0550014C}.Release|x86.Build.0 = Release|Win32
	EndGlobalSection
	GlobalSection(SolutionProperties) = preSolution
		HideSolutionNode = FALSE
	EndGlobalSection
	GlobalSection(ExtensibilityGlobals) = postSolution
		SolutionGuid = {F0338B1D-4BF4-4FB0-A572-504F129C2126}
	EndGlobalSection
EndGlobal
